// !$*UTF8*$!
{
	archiveVersion = 1;
	classes = {
	};
	objectVersion = 56;
	objects = {

/* Begin PBXBuildFile section */
		DDFD38882B39B14C00147E12 /* GamesApp.swift in Sources */ = {isa = PBXBuildFile; fileRef = DDFD38872B39B14C00147E12 /* GamesApp.swift */; };
		DDFD388A2B39B14C00147E12 /* ContentView.swift in Sources */ = {isa = PBXBuildFile; fileRef = DDFD38892B39B14C00147E12 /* ContentView.swift */; };
		DDFD388C2B39B14E00147E12 /* Assets.xcassets in Resources */ = {isa = PBXBuildFile; fileRef = DDFD388B2B39B14E00147E12 /* Assets.xcassets */; };
		DDFD388F2B39B14E00147E12 /* Preview Assets.xcassets in Resources */ = {isa = PBXBuildFile; fileRef = DDFD388E2B39B14E00147E12 /* Preview Assets.xcassets */; };
		DDFD38992B39B14E00147E12 /* GamesTests.swift in Sources */ = {isa = PBXBuildFile; fileRef = DDFD38982B39B14E00147E12 /* GamesTests.swift */; };
		DDFD38A32B39B14E00147E12 /* GamesUITests.swift in Sources */ = {isa = PBXBuildFile; fileRef = DDFD38A22B39B14E00147E12 /* GamesUITests.swift */; };
		DDFD38A52B39B14E00147E12 /* GamesUITestsLaunchTests.swift in Sources */ = {isa = PBXBuildFile; fileRef = DDFD38A42B39B14E00147E12 /* GamesUITestsLaunchTests.swift */; };
/* End PBXBuildFile section */

/* Begin PBXContainerItemProxy section */
		DDFD38952B39B14E00147E12 /* PBXContainerItemProxy */ = {
			isa = PBXContainerItemProxy;
			containerPortal = DDFD387C2B39B14C00147E12 /* Project object */;
			proxyType = 1;
			remoteGlobalIDString = DDFD38832B39B14C00147E12;
			remoteInfo = Games;
		};
		DDFD389F2B39B14E00147E12 /* PBXContainerItemProxy */ = {
			isa = PBXContainerItemProxy;
			containerPortal = DDFD387C2B39B14C00147E12 /* Project object */;
			proxyType = 1;
			remoteGlobalIDString = DDFD38832B39B14C00147E12;
			remoteInfo = Games;
		};
/* End PBXContainerItemProxy section */

/* Begin PBXFileReference section */
		DDFD38842B39B14C00147E12 /* Games.app */ = {isa = PBXFileReference; explicitFileType = wrapper.application; includeInIndex = 0; path = Games.app; sourceTree = BUILT_PRODUCTS_DIR; };
		DDFD38872B39B14C00147E12 /* GamesApp.swift */ = {isa = PBXFileReference; lastKnownFileType = sourcecode.swift; path = GamesApp.swift; sourceTree = "<group>"; };
		DDFD38892B39B14C00147E12 /* ContentView.swift */ = {isa = PBXFileReference; lastKnownFileType = sourcecode.swift; path = ContentView.swift; sourceTree = "<group>"; };
		DDFD388B2B39B14E00147E12 /* Assets.xcassets */ = {isa = PBXFileReference; lastKnownFileType = folder.assetcatalog; path = Assets.xcassets; sourceTree = "<group>"; };
		DDFD388E2B39B14E00147E12 /* Preview Assets.xcassets */ = {isa = PBXFileReference; lastKnownFileType = folder.assetcatalog; path = "Preview Assets.xcassets"; sourceTree = "<group>"; };
		DDFD38942B39B14E00147E12 /* GamesTests.xctest */ = {isa = PBXFileReference; explicitFileType = wrapper.cfbundle; includeInIndex = 0; path = GamesTests.xctest; sourceTree = BUILT_PRODUCTS_DIR; };
		DDFD38982B39B14E00147E12 /* GamesTests.swift */ = {isa = PBXFileReference; lastKnownFileType = sourcecode.swift; path = GamesTests.swift; sourceTree = "<group>"; };
		DDFD389E2B39B14E00147E12 /* GamesUITests.xctest */ = {isa = PBXFileReference; explicitFileType = wrapper.cfbundle; includeInIndex = 0; path = GamesUITests.xctest; sourceTree = BUILT_PRODUCTS_DIR; };
		DDFD38A22B39B14E00147E12 /* GamesUITests.swift */ = {isa = PBXFileReference; lastKnownFileType = sourcecode.swift; path = GamesUITests.swift; sourceTree = "<group>"; };
		DDFD38A42B39B14E00147E12 /* GamesUITestsLaunchTests.swift */ = {isa = PBXFileReference; lastKnownFileType = sourcecode.swift; path = GamesUITestsLaunchTests.swift; sourceTree = "<group>"; };
/* End PBXFileReference section */

/* Begin PBXFrameworksBuildPhase section */
		DDFD38812B39B14C00147E12 /* Frameworks */ = {
			isa = PBXFrameworksBuildPhase;
			buildActionMask = 2147483647;
			files = (
			);
			runOnlyForDeploymentPostprocessing = 0;
		};
		DDFD38912B39B14E00147E12 /* Frameworks */ = {
			isa = PBXFrameworksBuildPhase;
			buildActionMask = 2147483647;
			files = (
			);
			runOnlyForDeploymentPostprocessing = 0;
		};
		DDFD389B2B39B14E00147E12 /* Frameworks */ = {
			isa = PBXFrameworksBuildPhase;
			buildActionMask = 2147483647;
			files = (
			);
			runOnlyForDeploymentPostprocessing = 0;
		};
/* End PBXFrameworksBuildPhase section */

/* Begin PBXGroup section */
		DDFD387B2B39B14C00147E12 = {
			isa = PBXGroup;
			children = (
				DDFD38862B39B14C00147E12 /* Games */,
				DDFD38972B39B14E00147E12 /* GamesTests */,
				DDFD38A12B39B14E00147E12 /* GamesUITests */,
				DDFD38852B39B14C00147E12 /* Products */,
			);
			sourceTree = "<group>";
		};
		DDFD38852B39B14C00147E12 /* Products */ = {
			isa = PBXGroup;
			children = (
				DDFD38842B39B14C00147E12 /* Games.app */,
				DDFD38942B39B14E00147E12 /* GamesTests.xctest */,
				DDFD389E2B39B14E00147E12 /* GamesUITests.xctest */,
			);
			name = Products;
			sourceTree = "<group>";
		};
		DDFD38862B39B14C00147E12 /* Games */ = {
			isa = PBXGroup;
			children = (
				DDFD38872B39B14C00147E12 /* GamesApp.swift */,
				DDFD38892B39B14C00147E12 /* ContentView.swift */,
				DDFD388B2B39B14E00147E12 /* Assets.xcassets */,
				DDFD388D2B39B14E00147E12 /* Preview Content */,
			);
			path = Games;
			sourceTree = "<group>";
		};
		DDFD388D2B39B14E00147E12 /* Preview Content */ = {
			isa = PBXGroup;
			children = (
				DDFD388E2B39B14E00147E12 /* Preview Assets.xcassets */,
			);
			path = "Preview Content";
			sourceTree = "<group>";
		};
		DDFD38972B39B14E00147E12 /* GamesTests */ = {
			isa = PBXGroup;
			children = (
				DDFD38982B39B14E00147E12 /* GamesTests.swift */,
			);
			path = GamesTests;
			sourceTree = "<group>";
		};
		DDFD38A12B39B14E00147E12 /* GamesUITests */ = {
			isa = PBXGroup;
			children = (
				DDFD38A22B39B14E00147E12 /* GamesUITests.swift */,
				DDFD38A42B39B14E00147E12 /* GamesUITestsLaunchTests.swift */,
			);
			path = GamesUITests;
			sourceTree = "<group>";
		};
/* End PBXGroup section */

/* Begin PBXNativeTarget section */
		DDFD38832B39B14C00147E12 /* Games */ = {
			isa = PBXNativeTarget;
			buildConfigurationList = DDFD38A82B39B14E00147E12 /* Build configuration list for PBXNativeTarget "Games" */;
			buildPhases = (
				DDFD38802B39B14C00147E12 /* Sources */,
				DDFD38812B39B14C00147E12 /* Frameworks */,
				DDFD38822B39B14C00147E12 /* Resources */,
			);
			buildRules = (
			);
			dependencies = (
			);
			name = Games;
			productName = Games;
			productReference = DDFD38842B39B14C00147E12 /* Games.app */;
			productType = "com.apple.product-type.application";
		};
		DDFD38932B39B14E00147E12 /* GamesTests */ = {
			isa = PBXNativeTarget;
			buildConfigurationList = DDFD38AB2B39B14E00147E12 /* Build configuration list for PBXNativeTarget "GamesTests" */;
			buildPhases = (
				DDFD38902B39B14E00147E12 /* Sources */,
				DDFD38912B39B14E00147E12 /* Frameworks */,
				DDFD38922B39B14E00147E12 /* Resources */,
			);
			buildRules = (
			);
			dependencies = (
				DDFD38962B39B14E00147E12 /* PBXTargetDependency */,
			);
			name = GamesTests;
			productName = GamesTests;
			productReference = DDFD38942B39B14E00147E12 /* GamesTests.xctest */;
			productType = "com.apple.product-type.bundle.unit-test";
		};
		DDFD389D2B39B14E00147E12 /* GamesUITests */ = {
			isa = PBXNativeTarget;
			buildConfigurationList = DDFD38AE2B39B14E00147E12 /* Build configuration list for PBXNativeTarget "GamesUITests" */;
			buildPhases = (
				DDFD389A2B39B14E00147E12 /* Sources */,
				DDFD389B2B39B14E00147E12 /* Frameworks */,
				DDFD389C2B39B14E00147E12 /* Resources */,
			);
			buildRules = (
			);
			dependencies = (
				DDFD38A02B39B14E00147E12 /* PBXTargetDependency */,
			);
			name = GamesUITests;
			productName = GamesUITests;
			productReference = DDFD389E2B39B14E00147E12 /* GamesUITests.xctest */;
			productType = "com.apple.product-type.bundle.ui-testing";
		};
/* End PBXNativeTarget section */

/* Begin PBXProject section */
		DDFD387C2B39B14C00147E12 /* Project object */ = {
			isa = PBXProject;
			attributes = {
				BuildIndependentTargetsInParallel = 1;
				LastSwiftUpdateCheck = 1510;
				LastUpgradeCheck = 1510;
				TargetAttributes = {
					DDFD38832B39B14C00147E12 = {
						CreatedOnToolsVersion = 15.1;
					};
					DDFD38932B39B14E00147E12 = {
						CreatedOnToolsVersion = 15.1;
						TestTargetID = DDFD38832B39B14C00147E12;
					};
					DDFD389D2B39B14E00147E12 = {
						CreatedOnToolsVersion = 15.1;
						TestTargetID = DDFD38832B39B14C00147E12;
					};
				};
			};
			buildConfigurationList = DDFD387F2B39B14C00147E12 /* Build configuration list for PBXProject "Games" */;
			compatibilityVersion = "Xcode 14.0";
			developmentRegion = en;
			hasScannedForEncodings = 0;
			knownRegions = (
				en,
				Base,
			);
			mainGroup = DDFD387B2B39B14C00147E12;
			productRefGroup = DDFD38852B39B14C00147E12 /* Products */;
			projectDirPath = "";
			projectRoot = "";
			targets = (
				DDFD38832B39B14C00147E12 /* Games */,
				DDFD38932B39B14E00147E12 /* GamesTests */,
				DDFD389D2B39B14E00147E12 /* GamesUITests */,
			);
		};
/* End PBXProject section */

/* Begin PBXResourcesBuildPhase section */
		DDFD38822B39B14C00147E12 /* Resources */ = {
			isa = PBXResourcesBuildPhase;
			buildActionMask = 2147483647;
			files = (
				DDFD388F2B39B14E00147E12 /* Preview Assets.xcassets in Resources */,
				DDFD388C2B39B14E00147E12 /* Assets.xcassets in Resources */,
			);
			runOnlyForDeploymentPostprocessing = 0;
		};
		DDFD38922B39B14E00147E12 /* Resources */ = {
			isa = PBXResourcesBuildPhase;
			buildActionMask = 2147483647;
			files = (
			);
			runOnlyForDeploymentPostprocessing = 0;
		};
		DDFD389C2B39B14E00147E12 /* Resources */ = {
			isa = PBXResourcesBuildPhase;
			buildActionMask = 2147483647;
			files = (
			);
			runOnlyForDeploymentPostprocessing = 0;
		};
/* End PBXResourcesBuildPhase section */

/* Begin PBXSourcesBuildPhase section */
		DDFD38802B39B14C00147E12 /* Sources */ = {
			isa = PBXSourcesBuildPhase;
			buildActionMask = 2147483647;
			files = (
				DDFD388A2B39B14C00147E12 /* ContentView.swift in Sources */,
				DDFD38882B39B14C00147E12 /* GamesApp.swift in Sources */,
			);
			runOnlyForDeploymentPostprocessing = 0;
		};
		DDFD38902B39B14E00147E12 /* Sources */ = {
			isa = PBXSourcesBuildPhase;
			buildActionMask = 2147483647;
			files = (
				DDFD38992B39B14E00147E12 /* GamesTests.swift in Sources */,
			);
			runOnlyForDeploymentPostprocessing = 0;
		};
		DDFD389A2B39B14E00147E12 /* Sources */ = {
			isa = PBXSourcesBuildPhase;
			buildActionMask = 2147483647;
			files = (
				DDFD38A52B39B14E00147E12 /* GamesUITestsLaunchTests.swift in Sources */,
				DDFD38A32B39B14E00147E12 /* GamesUITests.swift in Sources */,
			);
			runOnlyForDeploymentPostprocessing = 0;
		};
/* End PBXSourcesBuildPhase section */

/* Begin PBXTargetDependency section */
		DDFD38962B39B14E00147E12 /* PBXTargetDependency */ = {
			isa = PBXTargetDependency;
			target = DDFD38832B39B14C00147E12 /* Games */;
			targetProxy = DDFD38952B39B14E00147E12 /* PBXContainerItemProxy */;
		};
		DDFD38A02B39B14E00147E12 /* PBXTargetDependency */ = {
			isa = PBXTargetDependency;
			target = DDFD38832B39B14C00147E12 /* Games */;
			targetProxy = DDFD389F2B39B14E00147E12 /* PBXContainerItemProxy */;
		};
/* End PBXTargetDependency section */

/* Begin XCBuildConfiguration section */
		DDFD38A62B39B14E00147E12 /* Debug */ = {
			isa = XCBuildConfiguration;
			buildSettings = {
				ALWAYS_SEARCH_USER_PATHS = NO;
				ASSETCATALOG_COMPILER_GENERATE_SWIFT_ASSET_SYMBOL_EXTENSIONS = YES;
				CLANG_ANALYZER_NONNULL = YES;
				CLANG_ANALYZER_NUMBER_OBJECT_CONVERSION = YES_AGGRESSIVE;
				CLANG_CXX_LANGUAGE_STANDARD = "gnu++20";
				CLANG_ENABLE_MODULES = YES;
				CLANG_ENABLE_OBJC_ARC = YES;
				CLANG_ENABLE_OBJC_WEAK = YES;
				CLANG_WARN_BLOCK_CAPTURE_AUTORELEASING = YES;
				CLANG_WARN_BOOL_CONVERSION = YES;
				CLANG_WARN_COMMA = YES;
				CLANG_WARN_CONSTANT_CONVERSION = YES;
				CLANG_WARN_DEPRECATED_OBJC_IMPLEMENTATIONS = YES;
				CLANG_WARN_DIRECT_OBJC_ISA_USAGE = YES_ERROR;
				CLANG_WARN_DOCUMENTATION_COMMENTS = YES;
				CLANG_WARN_EMPTY_BODY = YES;
				CLANG_WARN_ENUM_CONVERSION = YES;
				CLANG_WARN_INFINITE_RECURSION = YES;
				CLANG_WARN_INT_CONVERSION = YES;
				CLANG_WARN_NON_LITERAL_NULL_CONVERSION = YES;
				CLANG_WARN_OBJC_IMPLICIT_RETAIN_SELF = YES;
				CLANG_WARN_OBJC_LITERAL_CONVERSION = YES;
				CLANG_WARN_OBJC_ROOT_CLASS = YES_ERROR;
				CLANG_WARN_QUOTED_INCLUDE_IN_FRAMEWORK_HEADER = YES;
				CLANG_WARN_RANGE_LOOP_ANALYSIS = YES;
				CLANG_WARN_STRICT_PROTOTYPES = YES;
				CLANG_WARN_SUSPICIOUS_MOVE = YES;
				CLANG_WARN_UNGUARDED_AVAILABILITY = YES_AGGRESSIVE;
				CLANG_WARN_UNREACHABLE_CODE = YES;
				CLANG_WARN__DUPLICATE_METHOD_MATCH = YES;
				COPY_PHASE_STRIP = NO;
				DEBUG_INFORMATION_FORMAT = dwarf;
				ENABLE_STRICT_OBJC_MSGSEND = YES;
				ENABLE_TESTABILITY = YES;
				ENABLE_USER_SCRIPT_SANDBOXING = YES;
				GCC_C_LANGUAGE_STANDARD = gnu17;
				GCC_DYNAMIC_NO_PIC = NO;
				GCC_NO_COMMON_BLOCKS = YES;
				GCC_OPTIMIZATION_LEVEL = 0;
				GCC_PREPROCESSOR_DEFINITIONS = (
					"DEBUG=1",
					"$(inherited)",
				);
				GCC_WARN_64_TO_32_BIT_CONVERSION = YES;
				GCC_WARN_ABOUT_RETURN_TYPE = YES_ERROR;
				GCC_WARN_UNDECLARED_SELECTOR = YES;
				GCC_WARN_UNINITIALIZED_AUTOS = YES_AGGRESSIVE;
				GCC_WARN_UNUSED_FUNCTION = YES;
				GCC_WARN_UNUSED_VARIABLE = YES;
				IPHONEOS_DEPLOYMENT_TARGET = 17.2;
				LOCALIZATION_PREFERS_STRING_CATALOGS = YES;
				MTL_ENABLE_DEBUG_INFO = INCLUDE_SOURCE;
				MTL_FAST_MATH = YES;
				ONLY_ACTIVE_ARCH = YES;
				SDKROOT = iphoneos;
				SWIFT_ACTIVE_COMPILATION_CONDITIONS = "DEBUG $(inherited)";
				SWIFT_OPTIMIZATION_LEVEL = "-Onone";
			};
			name = Debug;
		};
		DDFD38A72B39B14E00147E12 /* Release */ = {
			isa = XCBuildConfiguration;
			buildSettings = {
				ALWAYS_SEARCH_USER_PATHS = NO;
				ASSETCATALOG_COMPILER_GENERATE_SWIFT_ASSET_SYMBOL_EXTENSIONS = YES;
				CLANG_ANALYZER_NONNULL = YES;
				CLANG_ANALYZER_NUMBER_OBJECT_CONVERSION = YES_AGGRESSIVE;
				CLANG_CXX_LANGUAGE_STANDARD = "gnu++20";
				CLANG_ENABLE_MODULES = YES;
				CLANG_ENABLE_OBJC_ARC = YES;
				CLANG_ENABLE_OBJC_WEAK = YES;
				CLANG_WARN_BLOCK_CAPTURE_AUTORELEASING = YES;
				CLANG_WARN_BOOL_CONVERSION = YES;
				CLANG_WARN_COMMA = YES;
				CLANG_WARN_CONSTANT_CONVERSION = YES;
				CLANG_WARN_DEPRECATED_OBJC_IMPLEMENTATIONS = YES;
				CLANG_WARN_DIRECT_OBJC_ISA_USAGE = YES_ERROR;
				CLANG_WARN_DOCUMENTATION_COMMENTS = YES;
				CLANG_WARN_EMPTY_BODY = YES;
				CLANG_WARN_ENUM_CONVERSION = YES;
				CLANG_WARN_INFINITE_RECURSION = YES;
				CLANG_WARN_INT_CONVERSION = YES;
				CLANG_WARN_NON_LITERAL_NULL_CONVERSION = YES;
				CLANG_WARN_OBJC_IMPLICIT_RETAIN_SELF = YES;
				CLANG_WARN_OBJC_LITERAL_CONVERSION = YES;
				CLANG_WARN_OBJC_ROOT_CLASS = YES_ERROR;
				CLANG_WARN_QUOTED_INCLUDE_IN_FRAMEWORK_HEADER = YES;
				CLANG_WARN_RANGE_LOOP_ANALYSIS = YES;
				CLANG_WARN_STRICT_PROTOTYPES = YES;
				CLANG_WARN_SUSPICIOUS_MOVE = YES;
				CLANG_WARN_UNGUARDED_AVAILABILITY = YES_AGGRESSIVE;
				CLANG_WARN_UNREACHABLE_CODE = YES;
				CLANG_WARN__DUPLICATE_METHOD_MATCH = YES;
				COPY_PHASE_STRIP = NO;
				DEBUG_INFORMATION_FORMAT = "dwarf-with-dsym";
				ENABLE_NS_ASSERTIONS = NO;
				ENABLE_STRICT_OBJC_MSGSEND = YES;
				ENABLE_USER_SCRIPT_SANDBOXING = YES;
				GCC_C_LANGUAGE_STANDARD = gnu17;
				GCC_NO_COMMON_BLOCKS = YES;
				GCC_WARN_64_TO_32_BIT_CONVERSION = YES;
				GCC_WARN_ABOUT_RETURN_TYPE = YES_ERROR;
				GCC_WARN_UNDECLARED_SELECTOR = YES;
				GCC_WARN_UNINITIALIZED_AUTOS = YES_AGGRESSIVE;
				GCC_WARN_UNUSED_FUNCTION = YES;
				GCC_WARN_UNUSED_VARIABLE = YES;
				IPHONEOS_DEPLOYMENT_TARGET = 17.2;
				LOCALIZATION_PREFERS_STRING_CATALOGS = YES;
				MTL_ENABLE_DEBUG_INFO = NO;
				MTL_FAST_MATH = YES;
				SDKROOT = iphoneos;
				SWIFT_COMPILATION_MODE = wholemodule;
				VALIDATE_PRODUCT = YES;
			};
			name = Release;
		};
		DDFD38A92B39B14E00147E12 /* Debug */ = {
			isa = XCBuildConfiguration;
			buildSettings = {
				ASSETCATALOG_COMPILER_APPICON_NAME = AppIcon;
				ASSETCATALOG_COMPILER_GLOBAL_ACCENT_COLOR_NAME = AccentColor;
				CODE_SIGN_STYLE = Automatic;
				CURRENT_PROJECT_VERSION = 1;
				DEVELOPMENT_ASSET_PATHS = "\"Games/Preview Content\"";
				ENABLE_PREVIEWS = YES;
				GENERATE_INFOPLIST_FILE = YES;
				INFOPLIST_KEY_UIApplicationSceneManifest_Generation = YES;
				INFOPLIST_KEY_UIApplicationSupportsIndirectInputEvents = YES;
				INFOPLIST_KEY_UILaunchScreen_Generation = YES;
				INFOPLIST_KEY_UISupportedInterfaceOrientations_iPad = "UIInterfaceOrientationPortrait UIInterfaceOrientationPortraitUpsideDown UIInterfaceOrientationLandscapeLeft UIInterfaceOrientationLandscapeRight";
				INFOPLIST_KEY_UISupportedInterfaceOrientations_iPhone = "UIInterfaceOrientationPortrait UIInterfaceOrientationLandscapeLeft UIInterfaceOrientationLandscapeRight";
				LD_RUNPATH_SEARCH_PATHS = (
					"$(inherited)",
					"@executable_path/Frameworks",
				);
				MARKETING_VERSION = 1.0;
				PRODUCT_BUNDLE_IDENTIFIER = com.dicoding.academy.Games;
				PRODUCT_NAME = "$(TARGET_NAME)";
				SWIFT_EMIT_LOC_STRINGS = YES;
				SWIFT_VERSION = 5.0;
				TARGETED_DEVICE_FAMILY = "1,2";
			};
			name = Debug;
		};
		DDFD38AA2B39B14E00147E12 /* Release */ = {
			isa = XCBuildConfiguration;
			buildSettings = {
				ASSETCATALOG_COMPILER_APPICON_NAME = AppIcon;
				ASSETCATALOG_COMPILER_GLOBAL_ACCENT_COLOR_NAME = AccentColor;
				CODE_SIGN_STYLE = Automatic;
				CURRENT_PROJECT_VERSION = 1;
				DEVELOPMENT_ASSET_PATHS = "\"Games/Preview Content\"";
				ENABLE_PREVIEWS = YES;
				GENERATE_INFOPLIST_FILE = YES;
				INFOPLIST_KEY_UIApplicationSceneManifest_Generation = YES;
				INFOPLIST_KEY_UIApplicationSupportsIndirectInputEvents = YES;
				INFOPLIST_KEY_UILaunchScreen_Generation = YES;
				INFOPLIST_KEY_UISupportedInterfaceOrientations_iPad = "UIInterfaceOrientationPortrait UIInterfaceOrientationPortraitUpsideDown UIInterfaceOrientationLandscapeLeft UIInterfaceOrientationLandscapeRight";
				INFOPLIST_KEY_UISupportedInterfaceOrientations_iPhone = "UIInterfaceOrientationPortrait UIInterfaceOrientationLandscapeLeft UIInterfaceOrientationLandscapeRight";
				LD_RUNPATH_SEARCH_PATHS = (
					"$(inherited)",
					"@executable_path/Frameworks",
				);
				MARKETING_VERSION = 1.0;
				PRODUCT_BUNDLE_IDENTIFIER = com.dicoding.academy.Games;
				PRODUCT_NAME = "$(TARGET_NAME)";
				SWIFT_EMIT_LOC_STRINGS = YES;
				SWIFT_VERSION = 5.0;
				TARGETED_DEVICE_FAMILY = "1,2";
			};
			name = Release;
		};
		DDFD38AC2B39B14E00147E12 /* Debug */ = {
			isa = XCBuildConfiguration;
			buildSettings = {
				ALWAYS_EMBED_SWIFT_STANDARD_LIBRARIES = YES;
				BUNDLE_LOADER = "$(TEST_HOST)";
				CODE_SIGN_STYLE = Automatic;
				CURRENT_PROJECT_VERSION = 1;
				GENERATE_INFOPLIST_FILE = YES;
				IPHONEOS_DEPLOYMENT_TARGET = 17.2;
				MARKETING_VERSION = 1.0;
				PRODUCT_BUNDLE_IDENTIFIER = com.dicoding.academy.GamesTests;
				PRODUCT_NAME = "$(TARGET_NAME)";
				SWIFT_EMIT_LOC_STRINGS = NO;
				SWIFT_VERSION = 5.0;
				TARGETED_DEVICE_FAMILY = "1,2";
				TEST_HOST = "$(BUILT_PRODUCTS_DIR)/Games.app/$(BUNDLE_EXECUTABLE_FOLDER_PATH)/Games";
			};
			name = Debug;
		};
		DDFD38AD2B39B14E00147E12 /* Release */ = {
			isa = XCBuildConfiguration;
			buildSettings = {
				ALWAYS_EMBED_SWIFT_STANDARD_LIBRARIES = YES;
				BUNDLE_LOADER = "$(TEST_HOST)";
				CODE_SIGN_STYLE = Automatic;
				CURRENT_PROJECT_VERSION = 1;
				GENERATE_INFOPLIST_FILE = YES;
				IPHONEOS_DEPLOYMENT_TARGET = 17.2;
				MARKETING_VERSION = 1.0;
				PRODUCT_BUNDLE_IDENTIFIER = com.dicoding.academy.GamesTests;
				PRODUCT_NAME = "$(TARGET_NAME)";
				SWIFT_EMIT_LOC_STRINGS = NO;
				SWIFT_VERSION = 5.0;
				TARGETED_DEVICE_FAMILY = "1,2";
				TEST_HOST = "$(BUILT_PRODUCTS_DIR)/Games.app/$(BUNDLE_EXECUTABLE_FOLDER_PATH)/Games";
			};
			name = Release;
		};
		DDFD38AF2B39B14E00147E12 /* Debug */ = {
			isa = XCBuildConfiguration;
			buildSettings = {
				ALWAYS_EMBED_SWIFT_STANDARD_LIBRARIES = YES;
				CODE_SIGN_STYLE = Automatic;
				CURRENT_PROJECT_VERSION = 1;
				GENERATE_INFOPLIST_FILE = YES;
				MARKETING_VERSION = 1.0;
				PRODUCT_BUNDLE_IDENTIFIER = com.dicoding.academy.GamesUITests;
				PRODUCT_NAME = "$(TARGET_NAME)";
				SWIFT_EMIT_LOC_STRINGS = NO;
				SWIFT_VERSION = 5.0;
				TARGETED_DEVICE_FAMILY = "1,2";
				TEST_TARGET_NAME = Games;
			};
			name = Debug;
		};
		DDFD38B02B39B14E00147E12 /* Release */ = {
			isa = XCBuildConfiguration;
			buildSettings = {
				ALWAYS_EMBED_SWIFT_STANDARD_LIBRARIES = YES;
				CODE_SIGN_STYLE = Automatic;
				CURRENT_PROJECT_VERSION = 1;
				GENERATE_INFOPLIST_FILE = YES;
				MARKETING_VERSION = 1.0;
				PRODUCT_BUNDLE_IDENTIFIER = com.dicoding.academy.GamesUITests;
				PRODUCT_NAME = "$(TARGET_NAME)";
				SWIFT_EMIT_LOC_STRINGS = NO;
				SWIFT_VERSION = 5.0;
				TARGETED_DEVICE_FAMILY = "1,2";
				TEST_TARGET_NAME = Games;
			};
			name = Release;
		};
/* End XCBuildConfiguration section */

/* Begin XCConfigurationList section */
		DDFD387F2B39B14C00147E12 /* Build configuration list for PBXProject "Games" */ = {
			isa = XCConfigurationList;
			buildConfigurations = (
				DDFD38A62B39B14E00147E12 /* Debug */,
				DDFD38A72B39B14E00147E12 /* Release */,
			);
			defaultConfigurationIsVisible = 0;
			defaultConfigurationName = Release;
		};
		DDFD38A82B39B14E00147E12 /* Build configuration list for PBXNativeTarget "Games" */ = {
			isa = XCConfigurationList;
			buildConfigurations = (
				DDFD38A92B39B14E00147E12 /* Debug */,
				DDFD38AA2B39B14E00147E12 /* Release */,
			);
			defaultConfigurationIsVisible = 0;
			defaultConfigurationName = Release;
		};
		DDFD38AB2B39B14E00147E12 /* Build configuration list for PBXNativeTarget "GamesTests" */ = {
			isa = XCConfigurationList;
			buildConfigurations = (
				DDFD38AC2B39B14E00147E12 /* Debug */,
				DDFD38AD2B39B14E00147E12 /* Release */,
			);
			defaultConfigurationIsVisible = 0;
			defaultConfigurationName = Release;
		};
		DDFD38AE2B39B14E00147E12 /* Build configuration list for PBXNativeTarget "GamesUITests" */ = {
			isa = XCConfigurationList;
			buildConfigurations = (
				DDFD38AF2B39B14E00147E12 /* Debug */,
				DDFD38B02B39B14E00147E12 /* Release */,
			);
			defaultConfigurationIsVisible = 0;
			defaultConfigurationName = Release;
		};
/* End XCConfigurationList section */
	};
	rootObject = DDFD387C2B39B14C00147E12 /* Project object */;
}
